
Microsoft Visual Studio Solution File, Format Version 12.00
# Visual Studio Version 16
VisualStudioVersion = 16.0.32602.291
MinimumVisualStudioVersion = 10.0.40219.1
Project("{FAE04EC0-301F-11D3-BF4B-00C04F79EFBC}") = "SaatDakikaDonusum", "SaatDakikaDonusum.csproj", "{54546913-798F-40D2-833A-A79C697A36C5}"
EndProject
Global
	GlobalSection(SolutionConfigurationPlatforms) = preSolution
		Debug|Any CPU = Debug|Any CPU
		Release|Any CPU = Release|Any CPU
	EndGlobalSection
	GlobalSection(ProjectConfigurationPlatforms) = postSolution
		{54546913-798F-40D2-833A-A79C697A36C5}.Debug|Any CPU.ActiveCfg = Debug|Any CPU
		{54546913-798F-40D2-833A-A79C697A36C5}.Debug|Any CPU.Build.0 = Debug|Any CPU
		{54546913-798F-40D2-833A-A79C697A36C5}.Release|Any CPU.ActiveCfg = Release|Any CPU
		{54546913-798F-40D2-833A-A79C697A36C5}.Release|Any CPU.Build.0 = Release|Any CPU
	EndGlobalSection
	GlobalSection(SolutionProperties) = preSolution
		HideSolutionNode = FALSE
	EndGlobalSection
	GlobalSection(ExtensibilityGlobals) = postSolution
		SolutionGuid = {A4222592-5E4D-47CB-8E00-D75D0FBC0517}
	EndGlobalSection
EndGlobal
